charm.land/lipgloss/v2 v2.0.0-beta.3.0.20251106193318-19329a3e8410 h1:D9PbaszZYpB4nj+d6HTWr1onlmlyuGVNfL9gAi8iB3k=
github.com/andybalholm/brotli v1.2.0 h1:ukwgCxwYrmACq68yiUqwIWnGY0cTPox/M94sVwToPjQ=
github.com/apache/arrow-go/v18 v18.5.0 h1:rmhKjVA+MKVnQIMi/qnM0OxeY4tmHlN3/Pvu+Itmd6s=
github.com/apache/thrift v0.22.0 h1:r7mTJdj51TMDe6RtcmNdQxgn9XcyfGDOzegMDRg47uc=
github.com/aymanbagabas/go-osc52/v2 v2.0.1 h1:HwpRHbFMcZLEVr42D4p7XBqjyuxQH5SMiErDT4WkJ2k=
github.com/aymanbagabas/go-udiff v0.3.1 h1:LV+qyBQ2pqe0u42ZsUEtPiCaUoqgA9gYRDs3vj1nolY=
github.com/charmbracelet/colorprofile v0.4.1 h1:a1lO03qTrSIRaK8c3JRxJDZOvhvIeSco3ej+ngLk1kk=
github.com/charmbracelet/fang v0.4.4 h1:G4qKxF6or/eTPgmAolwPuRNyuci3hTUGGX1rj1YkHJY=
github.com/charmbracelet/lipgloss v1.1.1-0.20250404203927-76690c660834 h1:ZR7e0ro+SZZiIZD7msJyA+NjkCNNavuiPBLgerbOziE=
github.com/charmbracelet/ultraviolet v0.0.0-20251217160852-6b0c0e26fad9 h1:dsDBRP9Iyco0EjVpCsAzl8VGbxk04fP3sa80ySJSAZw=
github.com/charmbracelet/x/ansi v0.11.3 h1:6DcVaqWI82BBVM/atTyq6yBoRLZFBsnoDoX9GCu2YOI=
github.com/charmbracelet/x/cellbuf v0.0.14 h1:iUEMryGyFTelKW3THW4+FfPgi4fkmKnnaLOXuc+/Kj4=
github.com/charmbracelet/x/exp/charmtone v0.0.0-20251215102626-e0db08df7383 h1:xGojlO6kHCDB1k6DolME79LG0u90TzVd8atGhmxFRIo=
github.com/charmbracelet/x/exp/golden v0.0.0-20250806222409-83e3a29d542f h1:pk6gmGpCE7F3FcjaOEKYriCvpmIN4+6OS/RD0vm4uIA=
github.com/charmbracelet/x/term v0.2.2 h1:xVRT/S2ZcKdhhOuSP4t5cLi5o+JxklsoEObBSgfgZRk=
github.com/charmbracelet/x/termios v0.1.1 h1:o3Q2bT8eqzGnGPOYheoYS8eEleT5ZVNYNy8JawjaNZY=
github.com/charmbracelet/x/windows v0.2.2 h1:IofanmuvaxnKHuV04sC0eBy/smG6kIKrWG2/jYn2GuM=
github.com/clipperhouse/displaywidth v0.6.2 h1:ZDpTkFfpHOKte4RG5O/BOyf3ysnvFswpyYrV7z2uAKo=
github.com/clipperhouse/stringish v0.1.1 h1:+NSqMOr3GR6k1FdRhhnXrLfztGzuG+VuFDfatpWHKCs=
github.com/clipperhouse/uax29/v2 v2.3.0 h1:SNdx9DVUqMoBuBoW3iLOj4FQv3dN5mDtuqwuhIGpJy4=
github.com/davecgh/go-spew v1.1.2-0.20180830191138-d8f796af33cc h1:U9qPSI2PIWSS1VwoXQT9A3Wy9MM3WgvqSxFWenqJduM=
github.com/duckdb/duckdb-go-bindings v0.3.1 h1:2j8p8CuS89m7qAlkmgpcD7NvscZq3akLcaUDyccR3zU=
github.com/duckdb/duckdb-go-bindings/darwin-amd64 v0.1.24 h1:XhqMj+bvpTIm+hMeps1Kk94r2eclAswk2ISFs4jMm+g=
github.com/duckdb/duckdb-go-bindings/darwin-arm64 v0.1.24 h1:OyHr5PykY5FG81jchpRoESMDQX1HK66PdNsfxoHxbwM=
github.com/duckdb/duckdb-go-bindings/lib/darwin-amd64 v0.3.1 h1:/YOAcQ2t0G0M+VwvExXZv85hZoUscHK7bFDDQarEbBI=
github.com/duckdb/duckdb-go-bindings/lib/darwin-arm64 v0.3.1 h1:BsDz/GaqBhadhMgxdYbSuWYs6SY4NouKy5IyJuc/Wmw=
github.com/duckdb/duckdb-go-bindings/lib/linux-amd64 v0.3.1 h1:drSp1ZJjU/b/NVF61fgGPg0cw9JslHipUWkF327G59Q=
github.com/duckdb/duckdb-go-bindings/lib/linux-arm64 v0.3.1 h1:rb7Jishhx2w1rLSyc0r93S00LII8Wgm5U3ofb53anLs=
github.com/duckdb/duckdb-go-bindings/lib/windows-amd64 v0.3.1 h1:56FMOylsuwDv9Jl5pa/C1WAqOSU0+wtUa5QWlDXGxdw=
github.com/duckdb/duckdb-go-bindings/linux-amd64 v0.1.24 h1:6Y4VarmcT7Oe8stwta4dOLlUX8aG4ciG9VhFKnp91a4=
github.com/duckdb/duckdb-go-bindings/linux-arm64 v0.1.24 h1:NCAGH7o1RsJv631EQGOqs94ABtmYZO6JjMHkv7GIgG8=
github.com/duckdb/duckdb-go-bindings/windows-amd64 v0.1.24 h1:JOupXaHMMu8zLgq7v9uxPjl1CXSJHlISCxopMiqtkzU=
github.com/duckdb/duckdb-go/arrowmapping v0.0.27 h1:w0XKX+EJpAN4XOQlKxSxSKZq/tCVbRfTRBp98jA0q8M=
github.com/duckdb/duckdb-go/mapping v0.0.27 h1:QEta+qPEKmfhd89U8vnm4MVslj1UscmkyJwu8x+OtME=
github.com/duckdb/duckdb-go/v2 v2.5.4 h1:+ip+wPCwf7Eu/dXxp19aLCxwpLUaeOy2UV/peBphXK0=
github.com/go-mizu/mizu v0.5.5 h1:NIwNCZ6EjMjy89uRv/5ZyKcDCRJHxLKOIcvUUJR1g7I=
github.com/go-viper/mapstructure/v2 v2.4.0 h1:EBsztssimR/CONLSZZ04E8qAkxNYq4Qp9LvH92wZUgs=
github.com/goccy/go-json v0.10.5 h1:Fq85nIqj+gXn/S5ahsiTlK3TmC85qgirsdTP/+DeaC4=
github.com/golang/snappy v1.0.0 h1:Oy607GVXHs7RtbggtPBnr2RmDArIsAefDwvrdWvRhGs=
github.com/google/flatbuffers v25.12.19+incompatible h1:haMV2JRRJCe1998HeW/p0X9UaMTK6SDo0ffLn2+DbLs=
github.com/google/go-cmp v0.7.0 h1:wk8382ETsv4JYUZwIsn6YpYiWiBsYLSJiTsyBybVuN8=
github.com/google/uuid v1.6.0 h1:NIvaJDMOsjHA8n1jAhLSgzrAzy1Hgr+hNrb57e+94F0=
github.com/gorilla/websocket v1.5.3 h1:saDtZ6Pbx/0u+bgYQ3q96pZgCzfhKXGPqt7kZ72aNNg=
github.com/inconshreveable/mousetrap v1.1.0 h1:wN+x4NVGpMsO7ErUn/mUI3vEoE6Jt13X2s0bqwp9tc8=
github.com/klauspost/asmfmt v1.3.2 h1:4Ri7ox3EwapiOjCki+hw14RyKk201CN4rzyCJRFLpK4=
github.com/klauspost/compress v1.18.2 h1:iiPHWW0YrcFgpBYhsA6D1+fqHssJscY/Tm/y2Uqnapk=
github.com/klauspost/cpuid/v2 v2.3.0 h1:S4CRMLnYUhGeDFDqkGriYKdfoFlDnMtqTiI/sFzhA9Y=
github.com/lucasb-eyer/go-colorful v1.3.0 h1:2/yBRLdWBZKrf7gB40FoiKfAWYQ0lqNcbuQwVHXptag=
github.com/mattn/go-isatty v0.0.20 h1:xfD0iDuEKnDkl03q4limB+vH+GxLEtL/jb4xVJSWWEY=
github.com/mattn/go-runewidth v0.0.19 h1:v++JhqYnZuu5jSKrk9RbgF5v4CGUjqRfBm05byFGLdw=
github.com/minio/asm2plan9s v0.0.0-20200509001527-cdd76441f9d8 h1:AMFGa4R4MiIpspGNG7Z948v4n35fFGB3RR3G/ry4FWs=
github.com/minio/c2goasm v0.0.0-20190812172519-36a3d3bbc4f3 h1:+n/aFZefKZp7spd8DFdX7uMikMLXX4oubIzJF4kv/wI=
github.com/muesli/cancelreader v0.2.2 h1:3I4Kt4BQjOR54NavqnDogx/MIoWBFa0StPA8ELUXHmA=
github.com/muesli/mango v0.2.0 h1:iNNc0c5VLQ6fsMgAqGQofByNUBH2Q2nEbD6TaI+5yyQ=
github.com/muesli/mango-cobra v1.3.0 h1:vQy5GvPg3ndOSpduxutqFoINhWk3vD5K2dXo5E8pqec=
github.com/muesli/mango-pflag v0.2.0 h1:QViokgKDZQCzKhYe1zH8D+UlPJzBSGoP9yx0hBG0t5k=
github.com/muesli/roff v0.1.0 h1:YD0lalCotmYuF5HhZliKWlIx7IEhiXeSfq7hNjFqGF8=
github.com/muesli/termenv v0.16.0 h1:S5AlUN9dENB57rsbnkPyfdGuWIlkmzJjbFf0Tf5FWUc=
github.com/oklog/ulid/v2 v2.1.1 h1:suPZ4ARWLOJLegGFiZZ1dFAkqzhMjL3J1TzI+5wHz8s=
github.com/pierrec/lz4/v4 v4.1.23 h1:oJE7T90aYBGtFNrI8+KbETnPymobAhzRrR8Mu8n1yfU=
github.com/pmezard/go-difflib v1.0.1-0.20181226105442-5d4384ee4fb2 h1:Jamvg5psRIccs7FGNTlIRMkT8wgtp5eCXdBlqhYGL6U=
github.com/rivo/uniseg v0.4.7 h1:WUdvkW8uEhrYfLC4ZzdpI2ztxP1I582+49Oc5Mq64VQ=
github.com/spf13/cobra v1.10.2 h1:DMTTonx5m65Ic0GOoRY2c16WCbHxOOw6xxezuLaBpcU=
github.com/spf13/pflag v1.0.10 h1:4EBh2KAYBwaONj6b2Ye1GiHfwjqyROoF4RwYO+vPwFk=
github.com/stretchr/testify v1.11.1 h1:7s2iGBzp5EwR7/aIZr8ao5+dra3wiQyKjjFuvgVKu7U=
github.com/xo/terminfo v0.0.0-20220910002029-abceb7e1c41e h1:JVG44RsyaB9T2KIHavMF/ppJZNG9ZpyihvCd0w101no=
github.com/zeebo/assert v1.3.0 h1:g7C04CbJuIDKNPFHmsk4hwZDO5O+kntRxzaUoNXj+IQ=
github.com/zeebo/xxh3 v1.0.2 h1:xZmwmqxHZA8AI603jOQ0tMqmBr9lPeFwGg6d+xy9DC0=
golang.org/x/crypto v0.46.0 h1:cKRW/pmt1pKAfetfu+RCEvjvZkA9RimPbh7bhFjGVBU=
golang.org/x/exp v0.0.0-20251219203646-944ab1f22d93 h1:fQsdNF2N+/YewlRZiricy4P1iimyPKZ/xwniHj8Q2a0=
golang.org/x/mod v0.31.0 h1:HaW9xtz0+kOcWKwli0ZXy79Ix+UW/vOfmWI5QVd2tgI=
golang.org/x/sync v0.19.0 h1:vV+1eWNmZ5geRlYjzm2adRgW2/mcpevXNg50YZtPCE4=
golang.org/x/sys v0.39.0 h1:CvCKL8MeisomCi6qNZ+wbb0DN9E5AATixKsvNtMoMFk=
golang.org/x/telemetry v0.0.0-20251222180846-3f2a21fb04ff h1:1QaeZGjxSnF1KOGnUYQmI1YpaBe0FvBE1K2rRDuxawc=
golang.org/x/text v0.32.0 h1:ZD01bjUt1FQ9WJ0ClOL5vxgxOI/sVCNgX1YtKwcY0mU=
golang.org/x/tools v0.40.0 h1:yLkxfA+Qnul4cs9QA3KnlFu0lVmd8JJfoq+E41uSutA=
golang.org/x/xerrors v0.0.0-20240903120638-7835f813f4da h1:noIWHXmPHxILtqtCOPIhSt0ABwskkZKjD3bXGnZGpNY=
gonum.org/v1/gonum v0.16.0 h1:5+ul4Swaf3ESvrOnidPp4GZbzf0mxVQpDCYUQE7OJfk=
gopkg.in/yaml.v3 v3.0.1 h1:fxVm/GzAzEWqLHuvctI91KS9hhNmmWOoWu0XTYJS7CA=
